# This file is autogenerated, do not edit; changes may be undone by the next 'dep ensure'.


[[projects]]
  branch = "master"
  digest = "1:c9ecca9e239473a2fa388b30fc372e09b70ac2d72ccf5cdcc0ba29e44fb1e3d7"
  name = "github.com/dcadenas/pagerank"
  packages = ["."]
  pruneopts = "UT"
  revision = "af922e3ceea87e23531577552dcda4d518350d55"

[[projects]]
  branch = "master"
  digest = "1:2536eccf8ee50c05f8b2bffe401b255aa1119aa9889bff60ae3f9cf49ca5cdfb"
  name = "github.com/gaspiman/cosine_similarity"
  packages = ["."]
  pruneopts = "UT"
  revision = "3a4668276fe380240c5daa01b4f15859231bf6e7"

[[projects]]
  digest = "1:309a5c81275fda7e234a6601cfbfea00b68e881d981d6c3229d562d9a67bde07"
  name = "github.com/ikawaha/kagome"
  packages = [
    "internal/da",
    "internal/dic",
    "internal/dic/data",
    "internal/lattice",
    "tokenizer",
  ]
  pruneopts = "UT"
  revision = "f066253ac079561f78be9bbb04a5492aa61b6e29"
  version = "v1.8.1"

[[projects]]
  branch = "master"
  digest = "1:9eff293dcf9214d290e57ffe3d205be9214fa5fcc5c4b104e7d297aca3ec35eb"
  name = "github.com/ramenjuniti/lexrank"
  packages = ["."]
  pruneopts = "UT"
  revision = "4cdf59b23ef505aa1df18cda4a4d8357a5d3e7d7"

[solve-meta]
  analyzer-name = "dep"
  analyzer-version = 1
  input-imports = ["github.com/ramenjuniti/lexrank"]
  solver-name = "gps-cdcl"
  solver-version = 1
